
Microsoft Visual Studio Solution File, Format Version 12.00
# Visual Studio Version 16
VisualStudioVersion = 25.0.1700.1
MinimumVisualStudioVersion = 10.0.40219.1
Project("{FAE04EC0-301F-11D3-BF4B-00C04F79EFBC}") = "deliverable1", "deliverable1\deliverable1.csproj", "{C4D98AF7-3942-47EA-A011-9E502DE2C9EB}"
EndProject
Global
	GlobalSection(SolutionConfigurationPlatforms) = preSolution
		Debug|Any CPU = Debug|Any CPU
		Release|Any CPU = Release|Any CPU
	EndGlobalSection
	GlobalSection(ProjectConfigurationPlatforms) = postSolution
		{C4D98AF7-3942-47EA-A011-9E502DE2C9EB}.Debug|Any CPU.ActiveCfg = Debug|Any CPU
		{C4D98AF7-3942-47EA-A011-9E502DE2C9EB}.Debug|Any CPU.Build.0 = Debug|Any CPU
		{C4D98AF7-3942-47EA-A011-9E502DE2C9EB}.Release|Any CPU.ActiveCfg = Release|Any CPU
		{C4D98AF7-3942-47EA-A011-9E502DE2C9EB}.Release|Any CPU.Build.0 = Release|Any CPU
	EndGlobalSection
	GlobalSection(SolutionProperties) = preSolution
		HideSolutionNode = FALSE
	EndGlobalSection
	GlobalSection(ExtensibilityGlobals) = postSolution
		SolutionGuid = {B61E5DC5-F5F5-42FF-A962-9DF1D6116A1A}
	EndGlobalSection
EndGlobal
